
Microsoft Visual Studio Solution File, Format Version 12.00
# Visual Studio Version 17
VisualStudioVersion = 17.0.32014.148
MinimumVisualStudioVersion = 10.0.40219.1
Project("{FAE04EC0-301F-11D3-BF4B-00C04F79EFBC}") = "BNStore", "BNStore.csproj", "{88FAA85D-843F-4894-9D3B-5FE101EDC464}"
EndProject
Global
	GlobalSection(SolutionConfigurationPlatforms) = preSolution
		Debug|Any CPU = Debug|Any CPU
		Release|Any CPU = Release|Any CPU
	EndGlobalSection
	GlobalSection(ProjectConfigurationPlatforms) = postSolution
		{88FAA85D-843F-4894-9D3B-5FE101EDC464}.Debug|Any CPU.ActiveCfg = Debug|Any CPU
		{88FAA85D-843F-4894-9D3B-5FE101EDC464}.Debug|Any CPU.Build.0 = Debug|Any CPU
		{88FAA85D-843F-4894-9D3B-5FE101EDC464}.Release|Any CPU.ActiveCfg = Release|Any CPU
		{88FAA85D-843F-4894-9D3B-5FE101EDC464}.Release|Any CPU.Build.0 = Release|Any CPU
	EndGlobalSection
	GlobalSection(SolutionProperties) = preSolution
		HideSolutionNode = FALSE
	EndGlobalSection
	GlobalSection(ExtensibilityGlobals) = postSolution
		SolutionGuid = {988F7B67-4E4D-47A6-9875-AF3095FB390C}
	EndGlobalSection
EndGlobal
